{
  "name": "soundboard",
  "version": "1.0.0",
  "lockfileVersion": 2,
  "requires": true,
  "packages": {
    "": {
      "name": "soundboard",
      "version": "1.0.0",
      "license": "ISC",
      "dependencies": {
        "deep-object-diff": "1.1.9",
        "yaml": "2.2.2"
      },
      "engines": {
        "node": "17.1.0",
        "npm": "8.1.2"
      }
    },
    "node_modules/deep-object-diff": {
      "version": "1.1.9",
      "resolved": "https://registry.npmjs.org/deep-object-diff/-/deep-object-diff-1.1.9.tgz",
      "integrity": "sha512-Rn+RuwkmkDwCi2/oXOFS9Gsr5lJZu/yTGpK7wAaAIE75CC+LCGEZHpY6VQJa/RoJcrmaA/docWJZvYohlNkWPA=="
    },
    "node_modules/yaml": {
      "version": "2.2.2",
      "resolved": "https://registry.npmjs.org/yaml/-/yaml-2.2.2.tgz",
      "integrity": "sha512-CBKFWExMn46Foo4cldiChEzn7S7SRV+wqiluAb6xmueD/fGyRHIhX8m14vVGgeFWjN540nKCNVj6P21eQjgTuA==",
      "engines": {
        "node": ">= 14"
      }
    }
  },
  "dependencies": {
    "deep-object-diff": {
      "version": "1.1.9",
      "resolved": "https://registry.npmjs.org/deep-object-diff/-/deep-object-diff-1.1.9.tgz",
      "integrity": "sha512-Rn+RuwkmkDwCi2/oXOFS9Gsr5lJZu/yTGpK7wAaAIE75CC+LCGEZHpY6VQJa/RoJcrmaA/docWJZvYohlNkWPA=="
    },
    "yaml": {
      "version": "2.2.2",
      "resolved": "https://registry.npmjs.org/yaml/-/yaml-2.2.2.tgz",
      "integrity": "sha512-CBKFWExMn46Foo4cldiChEzn7S7SRV+wqiluAb6xmueD/fGyRHIhX8m14vVGgeFWjN540nKCNVj6P21eQjgTuA=="
    }
  }
}
